
Microsoft Visual Studio Solution File, Format Version 12.00
# Visual Studio Version 17
VisualStudioVersion = 17.14.37216.2 d17.14
MinimumVisualStudioVersion = 10.0.40219.1
Project("{FAE04EC0-301F-11D3-BF4B-00C04F79EFBC}") = "PotatoCorner", "PotatoCorner\PotatoCorner.csproj", "{7D8BC653-35FD-4953-8F64-97330F0BB08B}"
EndProject
Global
	GlobalSection(SolutionConfigurationPlatforms) = preSolution
		Debug|Any CPU = Debug|Any CPU
		Release|Any CPU = Release|Any CPU
	EndGlobalSection
	GlobalSection(ProjectConfigurationPlatforms) = postSolution
		{7D8BC653-35FD-4953-8F64-97330F0BB08B}.Debug|Any CPU.ActiveCfg = Debug|Any CPU
		{7D8BC653-35FD-4953-8F64-97330F0BB08B}.Debug|Any CPU.Build.0 = Debug|Any CPU
		{7D8BC653-35FD-4953-8F64-97330F0BB08B}.Release|Any CPU.ActiveCfg = Release|Any CPU
		{7D8BC653-35FD-4953-8F64-97330F0BB08B}.Release|Any CPU.Build.0 = Release|Any CPU
	EndGlobalSection
	GlobalSection(SolutionProperties) = preSolution
		HideSolutionNode = FALSE
	EndGlobalSection
	GlobalSection(ExtensibilityGlobals) = postSolution
		SolutionGuid = {56CF6C3F-4555-441A-86AC-C6AEAB160815}
	EndGlobalSection
EndGlobal
