
Microsoft Visual Studio Solution File, Format Version 12.00
# Visual Studio Version 17
VisualStudioVersion = 17.14.37203.1 d17.14
MinimumVisualStudioVersion = 10.0.40219.1
Project("{FAE04EC0-301F-11D3-BF4B-00C04F79EFBC}") = "PoTCoR", "PoTCoR.csproj", "{AB6D0DC2-A264-4880-9904-1220B60CF792}"
EndProject
Global
	GlobalSection(SolutionConfigurationPlatforms) = preSolution
		Debug|Any CPU = Debug|Any CPU
		Release|Any CPU = Release|Any CPU
	EndGlobalSection
	GlobalSection(ProjectConfigurationPlatforms) = postSolution
		{AB6D0DC2-A264-4880-9904-1220B60CF792}.Debug|Any CPU.ActiveCfg = Debug|Any CPU
		{AB6D0DC2-A264-4880-9904-1220B60CF792}.Debug|Any CPU.Build.0 = Debug|Any CPU
		{AB6D0DC2-A264-4880-9904-1220B60CF792}.Release|Any CPU.ActiveCfg = Release|Any CPU
		{AB6D0DC2-A264-4880-9904-1220B60CF792}.Release|Any CPU.Build.0 = Release|Any CPU
	EndGlobalSection
	GlobalSection(SolutionProperties) = preSolution
		HideSolutionNode = FALSE
	EndGlobalSection
	GlobalSection(ExtensibilityGlobals) = postSolution
		SolutionGuid = {602DB320-C6B6-4667-B323-E613D5487F35}
	EndGlobalSection
EndGlobal
